
Microsoft Visual Studio Solution File, Format Version 12.00
# Visual Studio Version 17
VisualStudioVersion = 17.3.32922.545
MinimumVisualStudioVersion = 10.0.40219.1
Project("{9A19103F-16F7-4668-BE54-9A1E7A4F7556}") = "TicketFanAdmin", "TicketFanAdmin.csproj", "{EC4D6865-5974-47F1-8772-A0218195D8C9}"
EndProject
Global
	GlobalSection(SolutionConfigurationPlatforms) = preSolution
		Debug|Any CPU = Debug|Any CPU
		Release|Any CPU = Release|Any CPU
	EndGlobalSection
	GlobalSection(ProjectConfigurationPlatforms) = postSolution
		{EC4D6865-5974-47F1-8772-A0218195D8C9}.Debug|Any CPU.ActiveCfg = Debug|Any CPU
		{EC4D6865-5974-47F1-8772-A0218195D8C9}.Debug|Any CPU.Build.0 = Debug|Any CPU
		{EC4D6865-5974-47F1-8772-A0218195D8C9}.Release|Any CPU.ActiveCfg = Release|Any CPU
		{EC4D6865-5974-47F1-8772-A0218195D8C9}.Release|Any CPU.Build.0 = Release|Any CPU
	EndGlobalSection
	GlobalSection(SolutionProperties) = preSolution
		HideSolutionNode = FALSE
	EndGlobalSection
	GlobalSection(ExtensibilityGlobals) = postSolution
		SolutionGuid = {AC9A58F7-4F17-4F46-AE36-2847632E1A94}
	EndGlobalSection
EndGlobal
